
Microsoft Visual Studio Solution File, Format Version 12.00
# Visual Studio Version 17
VisualStudioVersion = 17.9.34728.123
MinimumVisualStudioVersion = 10.0.40219.1
Project("{9A19103F-16F7-4668-BE54-9A1E7A4F7556}") = "DesafioPOO", "DesafioPOO.csproj", "{ABA62E8D-77AE-4272-A982-38A8D33CB576}"
EndProject
Global
	GlobalSection(SolutionConfigurationPlatforms) = preSolution
		Debug|Any CPU = Debug|Any CPU
		Release|Any CPU = Release|Any CPU
	EndGlobalSection
	GlobalSection(ProjectConfigurationPlatforms) = postSolution
		{ABA62E8D-77AE-4272-A982-38A8D33CB576}.Debug|Any CPU.ActiveCfg = Debug|Any CPU
		{ABA62E8D-77AE-4272-A982-38A8D33CB576}.Debug|Any CPU.Build.0 = Debug|Any CPU
		{ABA62E8D-77AE-4272-A982-38A8D33CB576}.Release|Any CPU.ActiveCfg = Release|Any CPU
		{ABA62E8D-77AE-4272-A982-38A8D33CB576}.Release|Any CPU.Build.0 = Release|Any CPU
	EndGlobalSection
	GlobalSection(SolutionProperties) = preSolution
		HideSolutionNode = FALSE
	EndGlobalSection
	GlobalSection(ExtensibilityGlobals) = postSolution
		SolutionGuid = {9290002E-1ABB-49D2-94C9-66E7E89B25C4}
	EndGlobalSection
EndGlobal
